// !$*UTF8*$!
{
	archiveVersion = 1;
	classes = {
	};
	objectVersion = 51;
	objects = {

/* Begin PBXBuildFile section */
		791699BC254C3BF9008F9546 /* AppDelegate.swift in Sources */ = {isa = PBXBuildFile; fileRef = 791699BB254C3BF9008F9546 /* AppDelegate.swift */; };
		791699BE254C3BF9008F9546 /* SceneDelegate.swift in Sources */ = {isa = PBXBuildFile; fileRef = 791699BD254C3BF9008F9546 /* SceneDelegate.swift */; };
		791699C5254C3BFA008F9546 /* Assets.xcassets in Resources */ = {isa = PBXBuildFile; fileRef = 791699C4254C3BFA008F9546 /* Assets.xcassets */; };
		791699C8254C3BFA008F9546 /* LaunchScreen.storyboard in Resources */ = {isa = PBXBuildFile; fileRef = 791699C6254C3BFA008F9546 /* LaunchScreen.storyboard */; };
		79169A08254C428E008F9546 /* MainSceneViewController.swift in Sources */ = {isa = PBXBuildFile; fileRef = 79169A06254C428E008F9546 /* MainSceneViewController.swift */; };
		79169A0D254C42CD008F9546 /* Main.storyboard in Resources */ = {isa = PBXBuildFile; fileRef = 79169A0C254C42CD008F9546 /* Main.storyboard */; };
		79169A3B254C9A1F008F9546 /* ApiClient.swift in Sources */ = {isa = PBXBuildFile; fileRef = 79169A3A254C9A1F008F9546 /* ApiClient.swift */; };
		79169A41254DBAF0008F9546 /* Weather.swift in Sources */ = {isa = PBXBuildFile; fileRef = 79169A40254DBAF0008F9546 /* Weather.swift */; };
		79169A44254DBF55008F9546 /* Helper.swift in Sources */ = {isa = PBXBuildFile; fileRef = 79169A43254DBF55008F9546 /* Helper.swift */; };
		79169A48254DCB17008F9546 /* MKMapView+Ext.swift in Sources */ = {isa = PBXBuildFile; fileRef = 79169A47254DCB17008F9546 /* MKMapView+Ext.swift */; };
		79169A70254F126D008F9546 /* Action.swift in Sources */ = {isa = PBXBuildFile; fileRef = 79169A6F254F126D008F9546 /* Action.swift */; };
		79169A75254F1C9D008F9546 /* State.swift in Sources */ = {isa = PBXBuildFile; fileRef = 79169A74254F1C9D008F9546 /* State.swift */; };
		79169A81254F6162008F9546 /* StateStore.swift in Sources */ = {isa = PBXBuildFile; fileRef = 79169A80254F6162008F9546 /* StateStore.swift */; };
		79169A85254F6EDC008F9546 /* MainSceneIntent.swift in Sources */ = {isa = PBXBuildFile; fileRef = 79169A84254F6EDC008F9546 /* MainSceneIntent.swift */; };
		79169A88254F6F25008F9546 /* MainSceneState.swift in Sources */ = {isa = PBXBuildFile; fileRef = 79169A87254F6F25008F9546 /* MainSceneState.swift */; };
		79169A8B254F6F58008F9546 /* MainSceneReducer.swift in Sources */ = {isa = PBXBuildFile; fileRef = 79169A8A254F6F58008F9546 /* MainSceneReducer.swift */; };
		79169A90254F7B7D008F9546 /* CLLocationManager+Rx.swift in Sources */ = {isa = PBXBuildFile; fileRef = 79169A8F254F7B7D008F9546 /* CLLocationManager+Rx.swift */; };
		79169A94254F7C21008F9546 /* ServicesContainer.swift in Sources */ = {isa = PBXBuildFile; fileRef = 79169A93254F7C21008F9546 /* ServicesContainer.swift */; };
		79169A97254F7CBE008F9546 /* LocationService.swift in Sources */ = {isa = PBXBuildFile; fileRef = 79169A96254F7CBE008F9546 /* LocationService.swift */; };
		79169AA025508C55008F9546 /* Reachability.swift in Sources */ = {isa = PBXBuildFile; fileRef = 79169A9F25508C55008F9546 /* Reachability.swift */; };
		79169AA42550A2FD008F9546 /* GetWeatherByCityName.swift in Sources */ = {isa = PBXBuildFile; fileRef = 79169AA32550A2FD008F9546 /* GetWeatherByCityName.swift */; };
		79169AA82550A46C008F9546 /* GetWeatherByLocation.swift in Sources */ = {isa = PBXBuildFile; fileRef = 79169AA72550A46C008F9546 /* GetWeatherByLocation.swift */; };
		79169AAE2550DCE9008F9546 /* WeatherCache+Rx.swift in Sources */ = {isa = PBXBuildFile; fileRef = 79169AAD2550DCE9008F9546 /* WeatherCache+Rx.swift */; };
		79169AB12550DD88008F9546 /* WeatherCachable.swift in Sources */ = {isa = PBXBuildFile; fileRef = 79169AB02550DD88008F9546 /* WeatherCachable.swift */; };
		79169AB72550F26C008F9546 /* Reducer.swift in Sources */ = {isa = PBXBuildFile; fileRef = 79169AB62550F26C008F9546 /* Reducer.swift */; };
		796FA4862554475700DBA88D /* Formatting.swift in Sources */ = {isa = PBXBuildFile; fileRef = 796FA4852554475700DBA88D /* Formatting.swift */; };
		796FA489255448A800DBA88D /* StateContentFormattable.swift in Sources */ = {isa = PBXBuildFile; fileRef = 796FA488255448A800DBA88D /* StateContentFormattable.swift */; };
		796FA4942554A3C200DBA88D /* ErrorHandling.swift in Sources */ = {isa = PBXBuildFile; fileRef = 796FA4932554A3C200DBA88D /* ErrorHandling.swift */; };
		798603B4255204C1005C115E /* UIViewController+Rx.swift in Sources */ = {isa = PBXBuildFile; fileRef = 798603B3255204C1005C115E /* UIViewController+Rx.swift */; };
		798603B725520C87005C115E /* OptionalUnwrap+Rx.swift in Sources */ = {isa = PBXBuildFile; fileRef = 798603B625520C87005C115E /* OptionalUnwrap+Rx.swift */; };
		798603BB25523BFF005C115E /* ApplicationErrors.swift in Sources */ = {isa = PBXBuildFile; fileRef = 798603BA25523BFF005C115E /* ApplicationErrors.swift */; };
		798603BF255301D3005C115E /* WeatherApi.swift in Sources */ = {isa = PBXBuildFile; fileRef = 798603BE255301D3005C115E /* WeatherApi.swift */; };
		BBC2DD95D4BCFE09732657F4 /* Pods_weather_codesample.framework in Frameworks */ = {isa = PBXBuildFile; fileRef = 11CCF39BAF58F71D8E3DAFF2 /* Pods_weather_codesample.framework */; };
/* End PBXBuildFile section */

/* Begin PBXFileReference section */
		11CCF39BAF58F71D8E3DAFF2 /* Pods_weather_codesample.framework */ = {isa = PBXFileReference; explicitFileType = wrapper.framework; includeInIndex = 0; path = Pods_weather_codesample.framework; sourceTree = BUILT_PRODUCTS_DIR; };
		153E64DE705AD88BFE9272EE /* Pods_weather_codesample_weather_codesampleUITests.framework */ = {isa = PBXFileReference; explicitFileType = wrapper.framework; includeInIndex = 0; path = Pods_weather_codesample_weather_codesampleUITests.framework; sourceTree = BUILT_PRODUCTS_DIR; };
		3CB0F14E97EB6CA2AC30936C /* Pods-weather-codesample-weather-codesampleUITests.debug.xcconfig */ = {isa = PBXFileReference; includeInIndex = 1; lastKnownFileType = text.xcconfig; name = "Pods-weather-codesample-weather-codesampleUITests.debug.xcconfig"; path = "Target Support Files/Pods-weather-codesample-weather-codesampleUITests/Pods-weather-codesample-weather-codesampleUITests.debug.xcconfig"; sourceTree = "<group>"; };
		641B7C633A5F829F95537182 /* Pods-weather-codesample.release.xcconfig */ = {isa = PBXFileReference; includeInIndex = 1; lastKnownFileType = text.xcconfig; name = "Pods-weather-codesample.release.xcconfig"; path = "Target Support Files/Pods-weather-codesample/Pods-weather-codesample.release.xcconfig"; sourceTree = "<group>"; };
		6C0C707C740E0D124BE24727 /* Pods-weather-codesampleTests.debug.xcconfig */ = {isa = PBXFileReference; includeInIndex = 1; lastKnownFileType = text.xcconfig; name = "Pods-weather-codesampleTests.debug.xcconfig"; path = "Target Support Files/Pods-weather-codesampleTests/Pods-weather-codesampleTests.debug.xcconfig"; sourceTree = "<group>"; };
		791699B8254C3BF9008F9546 /* weather-codesample.app */ = {isa = PBXFileReference; explicitFileType = wrapper.application; includeInIndex = 0; path = "weather-codesample.app"; sourceTree = BUILT_PRODUCTS_DIR; };
		791699BB254C3BF9008F9546 /* AppDelegate.swift */ = {isa = PBXFileReference; lastKnownFileType = sourcecode.swift; path = AppDelegate.swift; sourceTree = "<group>"; };
		791699BD254C3BF9008F9546 /* SceneDelegate.swift */ = {isa = PBXFileReference; lastKnownFileType = sourcecode.swift; path = SceneDelegate.swift; sourceTree = "<group>"; };
		791699C4254C3BFA008F9546 /* Assets.xcassets */ = {isa = PBXFileReference; lastKnownFileType = folder.assetcatalog; path = Assets.xcassets; sourceTree = "<group>"; };
		791699C7254C3BFA008F9546 /* Base */ = {isa = PBXFileReference; lastKnownFileType = file.storyboard; name = Base; path = Base.lproj/LaunchScreen.storyboard; sourceTree = "<group>"; };
		791699C9254C3BFA008F9546 /* Info.plist */ = {isa = PBXFileReference; lastKnownFileType = text.plist.xml; path = Info.plist; sourceTree = "<group>"; };
		79169A06254C428E008F9546 /* MainSceneViewController.swift */ = {isa = PBXFileReference; lastKnownFileType = sourcecode.swift; path = MainSceneViewController.swift; sourceTree = "<group>"; };
		79169A0C254C42CD008F9546 /* Main.storyboard */ = {isa = PBXFileReference; lastKnownFileType = file.storyboard; path = Main.storyboard; sourceTree = "<group>"; };
		79169A3A254C9A1F008F9546 /* ApiClient.swift */ = {isa = PBXFileReference; lastKnownFileType = sourcecode.swift; path = ApiClient.swift; sourceTree = "<group>"; };
		79169A40254DBAF0008F9546 /* Weather.swift */ = {isa = PBXFileReference; lastKnownFileType = sourcecode.swift; path = Weather.swift; sourceTree = "<group>"; };
		79169A43254DBF55008F9546 /* Helper.swift */ = {isa = PBXFileReference; lastKnownFileType = sourcecode.swift; path = Helper.swift; sourceTree = "<group>"; };
		79169A47254DCB17008F9546 /* MKMapView+Ext.swift */ = {isa = PBXFileReference; lastKnownFileType = sourcecode.swift; path = "MKMapView+Ext.swift"; sourceTree = "<group>"; };
		79169A6F254F126D008F9546 /* Action.swift */ = {isa = PBXFileReference; lastKnownFileType = sourcecode.swift; path = Action.swift; sourceTree = "<group>"; };
		79169A74254F1C9D008F9546 /* State.swift */ = {isa = PBXFileReference; lastKnownFileType = sourcecode.swift; path = State.swift; sourceTree = "<group>"; };
		79169A80254F6162008F9546 /* StateStore.swift */ = {isa = PBXFileReference; lastKnownFileType = sourcecode.swift; path = StateStore.swift; sourceTree = "<group>"; };
		79169A84254F6EDC008F9546 /* MainSceneIntent.swift */ = {isa = PBXFileReference; lastKnownFileType = sourcecode.swift; path = MainSceneIntent.swift; sourceTree = "<group>"; };
		79169A87254F6F25008F9546 /* MainSceneState.swift */ = {isa = PBXFileReference; lastKnownFileType = sourcecode.swift; path = MainSceneState.swift; sourceTree = "<group>"; };
		79169A8A254F6F58008F9546 /* MainSceneReducer.swift */ = {isa = PBXFileReference; lastKnownFileType = sourcecode.swift; path = MainSceneReducer.swift; sourceTree = "<group>"; };
		79169A8F254F7B7D008F9546 /* CLLocationManager+Rx.swift */ = {isa = PBXFileReference; lastKnownFileType = sourcecode.swift; path = "CLLocationManager+Rx.swift"; sourceTree = "<group>"; };
		79169A93254F7C21008F9546 /* ServicesContainer.swift */ = {isa = PBXFileReference; lastKnownFileType = sourcecode.swift; path = ServicesContainer.swift; sourceTree = "<group>"; };
		79169A96254F7CBE008F9546 /* LocationService.swift */ = {isa = PBXFileReference; lastKnownFileType = sourcecode.swift; path = LocationService.swift; sourceTree = "<group>"; };
		79169A9F25508C55008F9546 /* Reachability.swift */ = {isa = PBXFileReference; lastKnownFileType = sourcecode.swift; path = Reachability.swift; sourceTree = "<group>"; };
		79169AA32550A2FD008F9546 /* GetWeatherByCityName.swift */ = {isa = PBXFileReference; lastKnownFileType = sourcecode.swift; path = GetWeatherByCityName.swift; sourceTree = "<group>"; };
		79169AA72550A46C008F9546 /* GetWeatherByLocation.swift */ = {isa = PBXFileReference; lastKnownFileType = sourcecode.swift; path = GetWeatherByLocation.swift; sourceTree = "<group>"; };
		79169AAD2550DCE9008F9546 /* WeatherCache+Rx.swift */ = {isa = PBXFileReference; lastKnownFileType = sourcecode.swift; path = "WeatherCache+Rx.swift"; sourceTree = "<group>"; };
		79169AB02550DD88008F9546 /* WeatherCachable.swift */ = {isa = PBXFileReference; lastKnownFileType = sourcecode.swift; path = WeatherCachable.swift; sourceTree = "<group>"; };
		79169AB62550F26C008F9546 /* Reducer.swift */ = {isa = PBXFileReference; lastKnownFileType = sourcecode.swift; path = Reducer.swift; sourceTree = "<group>"; };
		796FA4852554475700DBA88D /* Formatting.swift */ = {isa = PBXFileReference; lastKnownFileType = sourcecode.swift; path = Formatting.swift; sourceTree = "<group>"; };
		796FA488255448A800DBA88D /* StateContentFormattable.swift */ = {isa = PBXFileReference; lastKnownFileType = sourcecode.swift; path = StateContentFormattable.swift; sourceTree = "<group>"; };
		796FA4932554A3C200DBA88D /* ErrorHandling.swift */ = {isa = PBXFileReference; lastKnownFileType = sourcecode.swift; path = ErrorHandling.swift; sourceTree = "<group>"; };
		798603B3255204C1005C115E /* UIViewController+Rx.swift */ = {isa = PBXFileReference; lastKnownFileType = sourcecode.swift; path = "UIViewController+Rx.swift"; sourceTree = "<group>"; };
		798603B625520C87005C115E /* OptionalUnwrap+Rx.swift */ = {isa = PBXFileReference; lastKnownFileType = sourcecode.swift; path = "OptionalUnwrap+Rx.swift"; sourceTree = "<group>"; };
		798603BA25523BFF005C115E /* ApplicationErrors.swift */ = {isa = PBXFileReference; lastKnownFileType = sourcecode.swift; path = ApplicationErrors.swift; sourceTree = "<group>"; };
		798603BE255301D3005C115E /* WeatherApi.swift */ = {isa = PBXFileReference; lastKnownFileType = sourcecode.swift; path = WeatherApi.swift; sourceTree = "<group>"; };
		BE71DA21718BD41E8F5BD6B0 /* Pods_weather_codesampleTests.framework */ = {isa = PBXFileReference; explicitFileType = wrapper.framework; includeInIndex = 0; path = Pods_weather_codesampleTests.framework; sourceTree = BUILT_PRODUCTS_DIR; };
		D11CCE5F6BCE3703932D4DDE /* Pods-weather-codesampleTests.release.xcconfig */ = {isa = PBXFileReference; includeInIndex = 1; lastKnownFileType = text.xcconfig; name = "Pods-weather-codesampleTests.release.xcconfig"; path = "Target Support Files/Pods-weather-codesampleTests/Pods-weather-codesampleTests.release.xcconfig"; sourceTree = "<group>"; };
		EDA2C9ABD59B949F180B9974 /* Pods-weather-codesample.debug.xcconfig */ = {isa = PBXFileReference; includeInIndex = 1; lastKnownFileType = text.xcconfig; name = "Pods-weather-codesample.debug.xcconfig"; path = "Target Support Files/Pods-weather-codesample/Pods-weather-codesample.debug.xcconfig"; sourceTree = "<group>"; };
		F192F91449E365D1507C7B3F /* Pods-weather-codesample-weather-codesampleUITests.release.xcconfig */ = {isa = PBXFileReference; includeInIndex = 1; lastKnownFileType = text.xcconfig; name = "Pods-weather-codesample-weather-codesampleUITests.release.xcconfig"; path = "Target Support Files/Pods-weather-codesample-weather-codesampleUITests/Pods-weather-codesample-weather-codesampleUITests.release.xcconfig"; sourceTree = "<group>"; };
/* End PBXFileReference section */

/* Begin PBXFrameworksBuildPhase section */
		791699B5254C3BF9008F9546 /* Frameworks */ = {
			isa = PBXFrameworksBuildPhase;
			buildActionMask = 2147483647;
			files = (
				BBC2DD95D4BCFE09732657F4 /* Pods_weather_codesample.framework in Frameworks */,
			);
			runOnlyForDeploymentPostprocessing = 0;
		};
/* End PBXFrameworksBuildPhase section */

/* Begin PBXGroup section */
		627FA418BBFE4D2160051D79 /* Frameworks */ = {
			isa = PBXGroup;
			children = (
				11CCF39BAF58F71D8E3DAFF2 /* Pods_weather_codesample.framework */,
				153E64DE705AD88BFE9272EE /* Pods_weather_codesample_weather_codesampleUITests.framework */,
				BE71DA21718BD41E8F5BD6B0 /* Pods_weather_codesampleTests.framework */,
			);
			name = Frameworks;
			sourceTree = "<group>";
		};
		791699AF254C3BF9008F9546 = {
			isa = PBXGroup;
			children = (
				791699BA254C3BF9008F9546 /* weather-codesample */,
				791699B9254C3BF9008F9546 /* Products */,
				8003BF79FB5D58D17A339DF4 /* Pods */,
				627FA418BBFE4D2160051D79 /* Frameworks */,
			);
			sourceTree = "<group>";
		};
		791699B9254C3BF9008F9546 /* Products */ = {
			isa = PBXGroup;
			children = (
				791699B8254C3BF9008F9546 /* weather-codesample.app */,
			);
			name = Products;
			sourceTree = "<group>";
		};
		791699BA254C3BF9008F9546 /* weather-codesample */ = {
			isa = PBXGroup;
			children = (
				791699EF254C3C43008F9546 /* Application */,
				79169A03254C420B008F9546 /* Scenes */,
				79169A39254C99D0008F9546 /* Services */,
				798603B925523BEC005C115E /* Common */,
			);
			path = "weather-codesample";
			sourceTree = "<group>";
		};
		791699EF254C3C43008F9546 /* Application */ = {
			isa = PBXGroup;
			children = (
				791699BB254C3BF9008F9546 /* AppDelegate.swift */,
				791699BD254C3BF9008F9546 /* SceneDelegate.swift */,
				791699C6254C3BFA008F9546 /* LaunchScreen.storyboard */,
				791699C9254C3BFA008F9546 /* Info.plist */,
				791699C4254C3BFA008F9546 /* Assets.xcassets */,
			);
			path = Application;
			sourceTree = "<group>";
		};
		79169A03254C420B008F9546 /* Scenes */ = {
			isa = PBXGroup;
			children = (
				79169A04254C4213008F9546 /* MainScene */,
			);
			path = Scenes;
			sourceTree = "<group>";
		};
		79169A04254C4213008F9546 /* MainScene */ = {
			isa = PBXGroup;
			children = (
				79169AA22550A2D0008F9546 /* Actions */,
				79169A87254F6F25008F9546 /* MainSceneState.swift */,
				79169A06254C428E008F9546 /* MainSceneViewController.swift */,
				79169A84254F6EDC008F9546 /* MainSceneIntent.swift */,
				79169A8A254F6F58008F9546 /* MainSceneReducer.swift */,
				79169A0C254C42CD008F9546 /* Main.storyboard */,
			);
			path = MainScene;
			sourceTree = "<group>";
		};
		79169A11254C436B008F9546 /* Utils */ = {
			isa = PBXGroup;
			children = (
				79169A43254DBF55008F9546 /* Helper.swift */,
				79169A47254DCB17008F9546 /* MKMapView+Ext.swift */,
			);
			path = Utils;
			sourceTree = "<group>";
		};
		79169A37254C917B008F9546 /* Protocols */ = {
			isa = PBXGroup;
			children = (
				79169A6F254F126D008F9546 /* Action.swift */,
				79169A74254F1C9D008F9546 /* State.swift */,
				79169AB02550DD88008F9546 /* WeatherCachable.swift */,
				79169AB62550F26C008F9546 /* Reducer.swift */,
				796FA488255448A800DBA88D /* StateContentFormattable.swift */,
				796FA4932554A3C200DBA88D /* ErrorHandling.swift */,
			);
			path = Protocols;
			sourceTree = "<group>";
		};
		79169A39254C99D0008F9546 /* Services */ = {
			isa = PBXGroup;
			children = (
				798603B125520161005C115E /* LocationService */,
				79169A3F254DBAD3008F9546 /* NetworkingService */,
				79169A80254F6162008F9546 /* StateStore.swift */,
				79169A93254F7C21008F9546 /* ServicesContainer.swift */,
				79169A9F25508C55008F9546 /* Reachability.swift */,
				796FA4852554475700DBA88D /* Formatting.swift */,
			);
			path = Services;
			sourceTree = "<group>";
		};
		79169A3F254DBAD3008F9546 /* NetworkingService */ = {
			isa = PBXGroup;
			children = (
				79169A3A254C9A1F008F9546 /* ApiClient.swift */,
				79169A40254DBAF0008F9546 /* Weather.swift */,
				798603BE255301D3005C115E /* WeatherApi.swift */,
			);
			path = NetworkingService;
			sourceTree = "<group>";
		};
		79169A8E254F7B4D008F9546 /* Extensions */ = {
			isa = PBXGroup;
			children = (
				79169AAD2550DCE9008F9546 /* WeatherCache+Rx.swift */,
				798603B3255204C1005C115E /* UIViewController+Rx.swift */,
				798603B625520C87005C115E /* OptionalUnwrap+Rx.swift */,
			);
			path = Extensions;
			sourceTree = "<group>";
		};
		79169AA22550A2D0008F9546 /* Actions */ = {
			isa = PBXGroup;
			children = (
				79169AA32550A2FD008F9546 /* GetWeatherByCityName.swift */,
				79169AA72550A46C008F9546 /* GetWeatherByLocation.swift */,
			);
			path = Actions;
			sourceTree = "<group>";
		};
		798603B125520161005C115E /* LocationService */ = {
			isa = PBXGroup;
			children = (
				79169A8F254F7B7D008F9546 /* CLLocationManager+Rx.swift */,
				79169A96254F7CBE008F9546 /* LocationService.swift */,
			);
			path = LocationService;
			sourceTree = "<group>";
		};
		798603B925523BEC005C115E /* Common */ = {
			isa = PBXGroup;
			children = (
				79169A11254C436B008F9546 /* Utils */,
				79169A8E254F7B4D008F9546 /* Extensions */,
				79169A37254C917B008F9546 /* Protocols */,
				798603BA25523BFF005C115E /* ApplicationErrors.swift */,
			);
			path = Common;
			sourceTree = "<group>";
		};
		8003BF79FB5D58D17A339DF4 /* Pods */ = {
			isa = PBXGroup;
			children = (
				EDA2C9ABD59B949F180B9974 /* Pods-weather-codesample.debug.xcconfig */,
				641B7C633A5F829F95537182 /* Pods-weather-codesample.release.xcconfig */,
				3CB0F14E97EB6CA2AC30936C /* Pods-weather-codesample-weather-codesampleUITests.debug.xcconfig */,
				F192F91449E365D1507C7B3F /* Pods-weather-codesample-weather-codesampleUITests.release.xcconfig */,
				6C0C707C740E0D124BE24727 /* Pods-weather-codesampleTests.debug.xcconfig */,
				D11CCE5F6BCE3703932D4DDE /* Pods-weather-codesampleTests.release.xcconfig */,
			);
			path = Pods;
			sourceTree = "<group>";
		};
/* End PBXGroup section */

/* Begin PBXNativeTarget section */
		791699B7254C3BF9008F9546 /* weather-codesample */ = {
			isa = PBXNativeTarget;
			buildConfigurationList = 791699E2254C3BFB008F9546 /* Build configuration list for PBXNativeTarget "weather-codesample" */;
			buildPhases = (
				B629D8037FBADAF2F54DC3BA /* [CP] Check Pods Manifest.lock */,
				791699B4254C3BF9008F9546 /* Sources */,
				791699B5254C3BF9008F9546 /* Frameworks */,
				791699B6254C3BF9008F9546 /* Resources */,
				92E3661AAC6C002AE69AF93E /* [CP] Embed Pods Frameworks */,
			);
			buildRules = (
			);
			dependencies = (
			);
			name = "weather-codesample";
			productName = "weather-codesample";
			productReference = 791699B8254C3BF9008F9546 /* weather-codesample.app */;
			productType = "com.apple.product-type.application";
		};
/* End PBXNativeTarget section */

/* Begin PBXProject section */
		791699B0254C3BF9008F9546 /* Project object */ = {
			isa = PBXProject;
			attributes = {
				LastSwiftUpdateCheck = 1210;
				LastUpgradeCheck = 1210;
				TargetAttributes = {
					791699B7254C3BF9008F9546 = {
						CreatedOnToolsVersion = 12.1;
					};
				};
			};
			buildConfigurationList = 791699B3254C3BF9008F9546 /* Build configuration list for PBXProject "weather-codesample" */;
			compatibilityVersion = "Xcode 9.3";
			developmentRegion = en;
			hasScannedForEncodings = 0;
			knownRegions = (
				en,
				Base,
			);
			mainGroup = 791699AF254C3BF9008F9546;
			productRefGroup = 791699B9254C3BF9008F9546 /* Products */;
			projectDirPath = "";
			projectRoot = "";
			targets = (
				791699B7254C3BF9008F9546 /* weather-codesample */,
			);
		};
/* End PBXProject section */

/* Begin PBXResourcesBuildPhase section */
		791699B6254C3BF9008F9546 /* Resources */ = {
			isa = PBXResourcesBuildPhase;
			buildActionMask = 2147483647;
			files = (
				791699C8254C3BFA008F9546 /* LaunchScreen.storyboard in Resources */,
				791699C5254C3BFA008F9546 /* Assets.xcassets in Resources */,
				79169A0D254C42CD008F9546 /* Main.storyboard in Resources */,
			);
			runOnlyForDeploymentPostprocessing = 0;
		};
/* End PBXResourcesBuildPhase section */

/* Begin PBXShellScriptBuildPhase section */
		92E3661AAC6C002AE69AF93E /* [CP] Embed Pods Frameworks */ = {
			isa = PBXShellScriptBuildPhase;
			buildActionMask = 2147483647;
			files = (
			);
			inputFileListPaths = (
				"${PODS_ROOT}/Target Support Files/Pods-weather-codesample/Pods-weather-codesample-frameworks-${CONFIGURATION}-input-files.xcfilelist",
			);
			name = "[CP] Embed Pods Frameworks";
			outputFileListPaths = (
				"${PODS_ROOT}/Target Support Files/Pods-weather-codesample/Pods-weather-codesample-frameworks-${CONFIGURATION}-output-files.xcfilelist",
			);
			runOnlyForDeploymentPostprocessing = 0;
			shellPath = /bin/sh;
			shellScript = "\"${PODS_ROOT}/Target Support Files/Pods-weather-codesample/Pods-weather-codesample-frameworks.sh\"\n";
			showEnvVarsInLog = 0;
		};
		B629D8037FBADAF2F54DC3BA /* [CP] Check Pods Manifest.lock */ = {
			isa = PBXShellScriptBuildPhase;
			buildActionMask = 2147483647;
			files = (
			);
			inputFileListPaths = (
			);
			inputPaths = (
				"${PODS_PODFILE_DIR_PATH}/Podfile.lock",
				"${PODS_ROOT}/Manifest.lock",
			);
			name = "[CP] Check Pods Manifest.lock";
			outputFileListPaths = (
			);
			outputPaths = (
				"$(DERIVED_FILE_DIR)/Pods-weather-codesample-checkManifestLockResult.txt",
			);
			runOnlyForDeploymentPostprocessing = 0;
			shellPath = /bin/sh;
			shellScript = "diff \"${PODS_PODFILE_DIR_PATH}/Podfile.lock\" \"${PODS_ROOT}/Manifest.lock\" > /dev/null\nif [ $? != 0 ] ; then\n    # print error to STDERR\n    echo \"error: The sandbox is not in sync with the Podfile.lock. Run 'pod install' or update your CocoaPods installation.\" >&2\n    exit 1\nfi\n# This output is used by Xcode 'outputs' to avoid re-running this script phase.\necho \"SUCCESS\" > \"${SCRIPT_OUTPUT_FILE_0}\"\n";
			showEnvVarsInLog = 0;
		};
/* End PBXShellScriptBuildPhase section */

/* Begin PBXSourcesBuildPhase section */
		791699B4254C3BF9008F9546 /* Sources */ = {
			isa = PBXSourcesBuildPhase;
			buildActionMask = 2147483647;
			files = (
				791699BC254C3BF9008F9546 /* AppDelegate.swift in Sources */,
				79169AB72550F26C008F9546 /* Reducer.swift in Sources */,
				79169A44254DBF55008F9546 /* Helper.swift in Sources */,
				79169A48254DCB17008F9546 /* MKMapView+Ext.swift in Sources */,
				796FA4942554A3C200DBA88D /* ErrorHandling.swift in Sources */,
				791699BE254C3BF9008F9546 /* SceneDelegate.swift in Sources */,
				796FA489255448A800DBA88D /* StateContentFormattable.swift in Sources */,
				796FA4862554475700DBA88D /* Formatting.swift in Sources */,
				79169A08254C428E008F9546 /* MainSceneViewController.swift in Sources */,
				79169A85254F6EDC008F9546 /* MainSceneIntent.swift in Sources */,
				79169A81254F6162008F9546 /* StateStore.swift in Sources */,
				79169A75254F1C9D008F9546 /* State.swift in Sources */,
				79169A8B254F6F58008F9546 /* MainSceneReducer.swift in Sources */,
				79169A94254F7C21008F9546 /* ServicesContainer.swift in Sources */,
				79169A88254F6F25008F9546 /* MainSceneState.swift in Sources */,
				79169A3B254C9A1F008F9546 /* ApiClient.swift in Sources */,
				79169AA42550A2FD008F9546 /* GetWeatherByCityName.swift in Sources */,
				798603BB25523BFF005C115E /* ApplicationErrors.swift in Sources */,
				798603B725520C87005C115E /* OptionalUnwrap+Rx.swift in Sources */,
				79169AAE2550DCE9008F9546 /* WeatherCache+Rx.swift in Sources */,
				79169AA82550A46C008F9546 /* GetWeatherByLocation.swift in Sources */,
				79169A41254DBAF0008F9546 /* Weather.swift in Sources */,
				79169A90254F7B7D008F9546 /* CLLocationManager+Rx.swift in Sources */,
				79169AA025508C55008F9546 /* Reachability.swift in Sources */,
				79169A70254F126D008F9546 /* Action.swift in Sources */,
				79169A97254F7CBE008F9546 /* LocationService.swift in Sources */,
				798603B4255204C1005C115E /* UIViewController+Rx.swift in Sources */,
				79169AB12550DD88008F9546 /* WeatherCachable.swift in Sources */,
				798603BF255301D3005C115E /* WeatherApi.swift in Sources */,
			);
			runOnlyForDeploymentPostprocessing = 0;
		};
/* End PBXSourcesBuildPhase section */

/* Begin PBXVariantGroup section */
		791699C6254C3BFA008F9546 /* LaunchScreen.storyboard */ = {
			isa = PBXVariantGroup;
			children = (
				791699C7254C3BFA008F9546 /* Base */,
			);
			name = LaunchScreen.storyboard;
			sourceTree = "<group>";
		};
/* End PBXVariantGroup section */

/* Begin XCBuildConfiguration section */
		791699E0254C3BFB008F9546 /* Debug */ = {
			isa = XCBuildConfiguration;
			buildSettings = {
				ALWAYS_SEARCH_USER_PATHS = NO;
				CLANG_ANALYZER_NONNULL = YES;
				CLANG_ANALYZER_NUMBER_OBJECT_CONVERSION = YES_AGGRESSIVE;
				CLANG_CXX_LANGUAGE_STANDARD = "gnu++14";
				CLANG_CXX_LIBRARY = "libc++";
				CLANG_ENABLE_MODULES = YES;
				CLANG_ENABLE_OBJC_ARC = YES;
				CLANG_ENABLE_OBJC_WEAK = YES;
				CLANG_WARN_BLOCK_CAPTURE_AUTORELEASING = YES;
				CLANG_WARN_BOOL_CONVERSION = YES;
				CLANG_WARN_COMMA = YES;
				CLANG_WARN_CONSTANT_CONVERSION = YES;
				CLANG_WARN_DEPRECATED_OBJC_IMPLEMENTATIONS = YES;
				CLANG_WARN_DIRECT_OBJC_ISA_USAGE = YES_ERROR;
				CLANG_WARN_DOCUMENTATION_COMMENTS = YES;
				CLANG_WARN_EMPTY_BODY = YES;
				CLANG_WARN_ENUM_CONVERSION = YES;
				CLANG_WARN_INFINITE_RECURSION = YES;
				CLANG_WARN_INT_CONVERSION = YES;
				CLANG_WARN_NON_LITERAL_NULL_CONVERSION = YES;
				CLANG_WARN_OBJC_IMPLICIT_RETAIN_SELF = YES;
				CLANG_WARN_OBJC_LITERAL_CONVERSION = YES;
				CLANG_WARN_OBJC_ROOT_CLASS = YES_ERROR;
				CLANG_WARN_QUOTED_INCLUDE_IN_FRAMEWORK_HEADER = YES;
				CLANG_WARN_RANGE_LOOP_ANALYSIS = YES;
				CLANG_WARN_STRICT_PROTOTYPES = YES;
				CLANG_WARN_SUSPICIOUS_MOVE = YES;
				CLANG_WARN_UNGUARDED_AVAILABILITY = YES_AGGRESSIVE;
				CLANG_WARN_UNREACHABLE_CODE = YES;
				CLANG_WARN__DUPLICATE_METHOD_MATCH = YES;
				COPY_PHASE_STRIP = NO;
				DEBUG_INFORMATION_FORMAT = dwarf;
				ENABLE_STRICT_OBJC_MSGSEND = YES;
				ENABLE_TESTABILITY = YES;
				GCC_C_LANGUAGE_STANDARD = gnu11;
				GCC_DYNAMIC_NO_PIC = NO;
				GCC_NO_COMMON_BLOCKS = YES;
				GCC_OPTIMIZATION_LEVEL = 0;
				GCC_PREPROCESSOR_DEFINITIONS = (
					"DEBUG=1",
					"$(inherited)",
				);
				GCC_WARN_64_TO_32_BIT_CONVERSION = YES;
				GCC_WARN_ABOUT_RETURN_TYPE = YES_ERROR;
				GCC_WARN_UNDECLARED_SELECTOR = YES;
				GCC_WARN_UNINITIALIZED_AUTOS = YES_AGGRESSIVE;
				GCC_WARN_UNUSED_FUNCTION = YES;
				GCC_WARN_UNUSED_VARIABLE = YES;
				IPHONEOS_DEPLOYMENT_TARGET = 13.0;
				MTL_ENABLE_DEBUG_INFO = INCLUDE_SOURCE;
				MTL_FAST_MATH = YES;
				ONLY_ACTIVE_ARCH = YES;
				SDKROOT = iphoneos;
				SWIFT_ACTIVE_COMPILATION_CONDITIONS = DEBUG;
				SWIFT_OPTIMIZATION_LEVEL = "-Onone";
			};
			name = Debug;
		};
		791699E1254C3BFB008F9546 /* Release */ = {
			isa = XCBuildConfiguration;
			buildSettings = {
				ALWAYS_SEARCH_USER_PATHS = NO;
				CLANG_ANALYZER_NONNULL = YES;
				CLANG_ANALYZER_NUMBER_OBJECT_CONVERSION = YES_AGGRESSIVE;
				CLANG_CXX_LANGUAGE_STANDARD = "gnu++14";
				CLANG_CXX_LIBRARY = "libc++";
				CLANG_ENABLE_MODULES = YES;
				CLANG_ENABLE_OBJC_ARC = YES;
				CLANG_ENABLE_OBJC_WEAK = YES;
				CLANG_WARN_BLOCK_CAPTURE_AUTORELEASING = YES;
				CLANG_WARN_BOOL_CONVERSION = YES;
				CLANG_WARN_COMMA = YES;
				CLANG_WARN_CONSTANT_CONVERSION = YES;
				CLANG_WARN_DEPRECATED_OBJC_IMPLEMENTATIONS = YES;
				CLANG_WARN_DIRECT_OBJC_ISA_USAGE = YES_ERROR;
				CLANG_WARN_DOCUMENTATION_COMMENTS = YES;
				CLANG_WARN_EMPTY_BODY = YES;
				CLANG_WARN_ENUM_CONVERSION = YES;
				CLANG_WARN_INFINITE_RECURSION = YES;
				CLANG_WARN_INT_CONVERSION = YES;
				CLANG_WARN_NON_LITERAL_NULL_CONVERSION = YES;
				CLANG_WARN_OBJC_IMPLICIT_RETAIN_SELF = YES;
				CLANG_WARN_OBJC_LITERAL_CONVERSION = YES;
				CLANG_WARN_OBJC_ROOT_CLASS = YES_ERROR;
				CLANG_WARN_QUOTED_INCLUDE_IN_FRAMEWORK_HEADER = YES;
				CLANG_WARN_RANGE_LOOP_ANALYSIS = YES;
				CLANG_WARN_STRICT_PROTOTYPES = YES;
				CLANG_WARN_SUSPICIOUS_MOVE = YES;
				CLANG_WARN_UNGUARDED_AVAILABILITY = YES_AGGRESSIVE;
				CLANG_WARN_UNREACHABLE_CODE = YES;
				CLANG_WARN__DUPLICATE_METHOD_MATCH = YES;
				COPY_PHASE_STRIP = NO;
				DEBUG_INFORMATION_FORMAT = "dwarf-with-dsym";
				ENABLE_NS_ASSERTIONS = NO;
				ENABLE_STRICT_OBJC_MSGSEND = YES;
				GCC_C_LANGUAGE_STANDARD = gnu11;
				GCC_NO_COMMON_BLOCKS = YES;
				GCC_WARN_64_TO_32_BIT_CONVERSION = YES;
				GCC_WARN_ABOUT_RETURN_TYPE = YES_ERROR;
				GCC_WARN_UNDECLARED_SELECTOR = YES;
				GCC_WARN_UNINITIALIZED_AUTOS = YES_AGGRESSIVE;
				GCC_WARN_UNUSED_FUNCTION = YES;
				GCC_WARN_UNUSED_VARIABLE = YES;
				IPHONEOS_DEPLOYMENT_TARGET = 13.0;
				MTL_ENABLE_DEBUG_INFO = NO;
				MTL_FAST_MATH = YES;
				SDKROOT = iphoneos;
				SWIFT_COMPILATION_MODE = wholemodule;
				SWIFT_OPTIMIZATION_LEVEL = "-O";
				VALIDATE_PRODUCT = YES;
			};
			name = Release;
		};
		791699E3254C3BFB008F9546 /* Debug */ = {
			isa = XCBuildConfiguration;
			baseConfigurationReference = EDA2C9ABD59B949F180B9974 /* Pods-weather-codesample.debug.xcconfig */;
			buildSettings = {
				ASSETCATALOG_COMPILER_APPICON_NAME = AppIcon;
				ASSETCATALOG_COMPILER_GLOBAL_ACCENT_COLOR_NAME = AccentColor;
				CODE_SIGN_STYLE = Automatic;
				DEVELOPMENT_TEAM = D4XUMLTKU6;
				INFOPLIST_FILE = "$(SRCROOT)/weather-codesample/Application/Info.plist";
				LD_RUNPATH_SEARCH_PATHS = (
					"$(inherited)",
					"@executable_path/Frameworks",
				);
				PRODUCT_BUNDLE_IDENTIFIER = "com.kefir.weather-codesample";
				PRODUCT_NAME = "$(TARGET_NAME)";
				SWIFT_VERSION = 5.0;
				TARGETED_DEVICE_FAMILY = "1,2";
			};
			name = Debug;
		};
		791699E4254C3BFB008F9546 /* Release */ = {
			isa = XCBuildConfiguration;
			baseConfigurationReference = 641B7C633A5F829F95537182 /* Pods-weather-codesample.release.xcconfig */;
			buildSettings = {
				ASSETCATALOG_COMPILER_APPICON_NAME = AppIcon;
				ASSETCATALOG_COMPILER_GLOBAL_ACCENT_COLOR_NAME = AccentColor;
				CODE_SIGN_STYLE = Automatic;
				DEVELOPMENT_TEAM = D4XUMLTKU6;
				INFOPLIST_FILE = "$(SRCROOT)/weather-codesample/Application/Info.plist";
				LD_RUNPATH_SEARCH_PATHS = (
					"$(inherited)",
					"@executable_path/Frameworks",
				);
				PRODUCT_BUNDLE_IDENTIFIER = "com.kefir.weather-codesample";
				PRODUCT_NAME = "$(TARGET_NAME)";
				SWIFT_VERSION = 5.0;
				TARGETED_DEVICE_FAMILY = "1,2";
			};
			name = Release;
		};
/* End XCBuildConfiguration section */

/* Begin XCConfigurationList section */
		791699B3254C3BF9008F9546 /* Build configuration list for PBXProject "weather-codesample" */ = {
			isa = XCConfigurationList;
			buildConfigurations = (
				791699E0254C3BFB008F9546 /* Debug */,
				791699E1254C3BFB008F9546 /* Release */,
			);
			defaultConfigurationIsVisible = 0;
			defaultConfigurationName = Release;
		};
		791699E2254C3BFB008F9546 /* Build configuration list for PBXNativeTarget "weather-codesample" */ = {
			isa = XCConfigurationList;
			buildConfigurations = (
				791699E3254C3BFB008F9546 /* Debug */,
				791699E4254C3BFB008F9546 /* Release */,
			);
			defaultConfigurationIsVisible = 0;
			defaultConfigurationName = Release;
		};
/* End XCConfigurationList section */
	};
	rootObject = 791699B0254C3BF9008F9546 /* Project object */;
}
